
Microsoft Visual Studio Solution File, Format Version 12.00
# Visual Studio 2012
Project("{8BC9CEB8-8B4A-11D0-8D11-00A0C91BC942}") = "HT-BoneAnimeTest_one", "HT-BoneAnimeTest_one\HT-BoneAnimeTest_one.vcxproj", "{D9494FA3-B2D3-45BB-8C85-AEF2BF608767}"
EndProject
Global
	GlobalSection(SolutionConfigurationPlatforms) = preSolution
		Debug|Win32 = Debug|Win32
		Release|Win32 = Release|Win32
	EndGlobalSection
	GlobalSection(ProjectConfigurationPlatforms) = postSolution
		{D9494FA3-B2D3-45BB-8C85-AEF2BF608767}.Debug|Win32.ActiveCfg = Debug|Win32
		{D9494FA3-B2D3-45BB-8C85-AEF2BF608767}.Debug|Win32.Build.0 = Debug|Win32
		{D9494FA3-B2D3-45BB-8C85-AEF2BF608767}.Release|Win32.ActiveCfg = Release|Win32
		{D9494FA3-B2D3-45BB-8C85-AEF2BF608767}.Release|Win32.Build.0 = Release|Win32
	EndGlobalSection
	GlobalSection(SolutionProperties) = preSolution
		HideSolutionNode = FALSE
	EndGlobalSection
EndGlobal
