
Microsoft Visual Studio Solution File, Format Version 12.00
# Visual Studio 2012
Project("{8BC9CEB8-8B4A-11D0-8D11-00A0C91BC942}") = "HT-INITCLASS", "HT-INITCLASS\HT-INITCLASS.vcxproj", "{5B558E96-3B0F-48DB-8C26-329F11CD6133}"
EndProject
Global
	GlobalSection(SolutionConfigurationPlatforms) = preSolution
		Debug|Win32 = Debug|Win32
		Release|Win32 = Release|Win32
	EndGlobalSection
	GlobalSection(ProjectConfigurationPlatforms) = postSolution
		{5B558E96-3B0F-48DB-8C26-329F11CD6133}.Debug|Win32.ActiveCfg = Debug|Win32
		{5B558E96-3B0F-48DB-8C26-329F11CD6133}.Debug|Win32.Build.0 = Debug|Win32
		{5B558E96-3B0F-48DB-8C26-329F11CD6133}.Release|Win32.ActiveCfg = Release|Win32
		{5B558E96-3B0F-48DB-8C26-329F11CD6133}.Release|Win32.Build.0 = Release|Win32
	EndGlobalSection
	GlobalSection(SolutionProperties) = preSolution
		HideSolutionNode = FALSE
	EndGlobalSection
EndGlobal
