
Microsoft Visual Studio Solution File, Format Version 12.00
# Visual Studio 2012
Project("{8BC9CEB8-8B4A-11D0-8D11-00A0C91BC942}") = "HT-SSAOAPPLICATION", "HT-SSAOAPPLICATION\HT-SSAOAPPLICATION.vcxproj", "{E27781B8-6248-42CE-B1AA-51B089AD7118}"
EndProject
Global
	GlobalSection(SolutionConfigurationPlatforms) = preSolution
		Debug|Win32 = Debug|Win32
		Release|Win32 = Release|Win32
	EndGlobalSection
	GlobalSection(ProjectConfigurationPlatforms) = postSolution
		{E27781B8-6248-42CE-B1AA-51B089AD7118}.Debug|Win32.ActiveCfg = Debug|Win32
		{E27781B8-6248-42CE-B1AA-51B089AD7118}.Debug|Win32.Build.0 = Debug|Win32
		{E27781B8-6248-42CE-B1AA-51B089AD7118}.Release|Win32.ActiveCfg = Release|Win32
		{E27781B8-6248-42CE-B1AA-51B089AD7118}.Release|Win32.Build.0 = Release|Win32
	EndGlobalSection
	GlobalSection(SolutionProperties) = preSolution
		HideSolutionNode = FALSE
	EndGlobalSection
EndGlobal
